
Microsoft Visual Studio Solution File, Format Version 12.00
# Visual Studio Version 16
VisualStudioVersion = 16.0.32228.343
MinimumVisualStudioVersion = 10.0.40219.1
Project("{8BC9CEB8-8B4A-11D0-8D11-00A0C91BC942}") = "Visao por Computador", "Visao por Computador\Visao por Computador.vcxproj", "{7D98CED4-D16F-46D5-9676-E02A9AE2AC61}"
EndProject
Global
	GlobalSection(SolutionConfigurationPlatforms) = preSolution
		Debug|x64 = Debug|x64
		Debug|x86 = Debug|x86
		Release|x64 = Release|x64
		Release|x86 = Release|x86
	EndGlobalSection
	GlobalSection(ProjectConfigurationPlatforms) = postSolution
		{7D98CED4-D16F-46D5-9676-E02A9AE2AC61}.Debug|x64.ActiveCfg = Debug|x64
		{7D98CED4-D16F-46D5-9676-E02A9AE2AC61}.Debug|x64.Build.0 = Debug|x64
		{7D98CED4-D16F-46D5-9676-E02A9AE2AC61}.Debug|x86.ActiveCfg = Debug|Win32
		{7D98CED4-D16F-46D5-9676-E02A9AE2AC61}.Debug|x86.Build.0 = Debug|Win32
		{7D98CED4-D16F-46D5-9676-E02A9AE2AC61}.Release|x64.ActiveCfg = Release|x64
		{7D98CED4-D16F-46D5-9676-E02A9AE2AC61}.Release|x64.Build.0 = Release|x64
		{7D98CED4-D16F-46D5-9676-E02A9AE2AC61}.Release|x86.ActiveCfg = Release|Win32
		{7D98CED4-D16F-46D5-9676-E02A9AE2AC61}.Release|x86.Build.0 = Release|Win32
	EndGlobalSection
	GlobalSection(SolutionProperties) = preSolution
		HideSolutionNode = FALSE
	EndGlobalSection
	GlobalSection(ExtensibilityGlobals) = postSolution
		SolutionGuid = {25115AAC-391F-453D-990B-48980ABAA9C7}
	EndGlobalSection
EndGlobal
